
Microsoft Visual Studio Solution File, Format Version 12.00
# Visual Studio 2013
VisualStudioVersion = 12.0.31101.0
MinimumVisualStudioVersion = 10.0.40219.1
Project("{FAE04EC0-301F-11D3-BF4B-00C04F79EFBC}") = "Hibernator.ConsoleHost", "Hibernator.ConsoleHost\Hibernator.ConsoleHost.csproj", "{199C832A-3848-418C-80B1-C900BF57A889}"
EndProject
Project("{FAE04EC0-301F-11D3-BF4B-00C04F79EFBC}") = "Hibernator.General", "Hibernator.General\Hibernator.General.csproj", "{5C16F786-29D6-4AFD-BD36-34F1C9C01398}"
EndProject
Global
	GlobalSection(SolutionConfigurationPlatforms) = preSolution
		Debug|Any CPU = Debug|Any CPU
		Release|Any CPU = Release|Any CPU
	EndGlobalSection
	GlobalSection(ProjectConfigurationPlatforms) = postSolution
		{199C832A-3848-418C-80B1-C900BF57A889}.Debug|Any CPU.ActiveCfg = Debug|Any CPU
		{199C832A-3848-418C-80B1-C900BF57A889}.Debug|Any CPU.Build.0 = Debug|Any CPU
		{199C832A-3848-418C-80B1-C900BF57A889}.Release|Any CPU.ActiveCfg = Release|Any CPU
		{199C832A-3848-418C-80B1-C900BF57A889}.Release|Any CPU.Build.0 = Release|Any CPU
		{5C16F786-29D6-4AFD-BD36-34F1C9C01398}.Debug|Any CPU.ActiveCfg = Debug|Any CPU
		{5C16F786-29D6-4AFD-BD36-34F1C9C01398}.Debug|Any CPU.Build.0 = Debug|Any CPU
		{5C16F786-29D6-4AFD-BD36-34F1C9C01398}.Release|Any CPU.ActiveCfg = Release|Any CPU
		{5C16F786-29D6-4AFD-BD36-34F1C9C01398}.Release|Any CPU.Build.0 = Release|Any CPU
	EndGlobalSection
	GlobalSection(SolutionProperties) = preSolution
		HideSolutionNode = FALSE
	EndGlobalSection
EndGlobal
